
Microsoft Visual Studio Solution File, Format Version 12.00
# Visual Studio Version 17
VisualStudioVersion = 17.10.35004.147
MinimumVisualStudioVersion = 10.0.40219.1
Project("{2150E333-8FDC-42A3-9474-1A3956D46DE8}") = "Gateways", "Gateways", "{7A730A6F-D760-4AEA-A97E-D4BBF95AC612}"
EndProject
Project("{2150E333-8FDC-42A3-9474-1A3956D46DE8}") = "Infrastructure", "Infrastructure", "{31A0A974-E252-4B77-B767-CD8EF851DEC0}"
EndProject
Project("{2150E333-8FDC-42A3-9474-1A3956D46DE8}") = "Services", "Services", "{50ABE7CF-1FD6-492C-8C3E-CA0BAA1B90A0}"
EndProject
Project("{2150E333-8FDC-42A3-9474-1A3956D46DE8}") = "Product", "Product", "{DD7340C5-51E6-4DD6-B079-7A26C8CB8811}"
EndProject
Project("{9A19103F-16F7-4668-BE54-9A1E7A4F7556}") = "EasyShopping.Product.API", "EasyShopping.ProductAPI\EasyShopping.Product.API.csproj", "{B822D2E9-61BF-4AB5-B1F5-B43EF6B8F39E}"
EndProject
Project("{9A19103F-16F7-4668-BE54-9A1E7A4F7556}") = "EasyShopping.Product.Application", "EasyShopping.Product.Application\EasyShopping.Product.Application.csproj", "{DA42FE83-6072-4AC1-BC0E-D01CBD4F987E}"
EndProject
Project("{9A19103F-16F7-4668-BE54-9A1E7A4F7556}") = "EasyShopping.Product.Core", "EasyShopping.Product.Core\EasyShopping.Product.Core.csproj", "{449BCB1F-5A25-48DC-AAE8-FA27773AF5F6}"
EndProject
Project("{9A19103F-16F7-4668-BE54-9A1E7A4F7556}") = "EasyShopping.Product.Infrastructure", "EasyShopping.Product.Infrastructure\EasyShopping.Product.Infrastructure.csproj", "{9C711A8F-7C27-4B87-B74C-D5E879B47366}"
EndProject
Project("{9A19103F-16F7-4668-BE54-9A1E7A4F7556}") = "EasyShopping.Product.IoC", "EasyShopping.Product.IoC\EasyShopping.Product.IoC.csproj", "{50531776-F663-4985-90A8-54819B736AE6}"
EndProject
Project("{2150E333-8FDC-42A3-9474-1A3956D46DE8}") = "Cart", "Cart", "{D3B1D620-6522-46E3-A916-69BC09292340}"
EndProject
Project("{FAE04EC0-301F-11D3-BF4B-00C04F79EFBC}") = "EasyShopping.Cart.API", "EasyShopping.Cart.API\EasyShopping.Cart.API.csproj", "{6E6B2379-2949-4087-B945-C5BACCEA0B06}"
EndProject
Project("{FAE04EC0-301F-11D3-BF4B-00C04F79EFBC}") = "EasyShopping.Cart.Application", "EasyShopping.Cart.Application\EasyShopping.Cart.Application.csproj", "{2A7E3382-868B-4CCC-B32F-8D948822549B}"
EndProject
Project("{FAE04EC0-301F-11D3-BF4B-00C04F79EFBC}") = "EasyShopping.Cart.Core", "EasyShopping.Cart.Core\EasyShopping.Cart.Core.csproj", "{291264A8-E021-41CE-9D40-6E44730612B4}"
EndProject
Project("{FAE04EC0-301F-11D3-BF4B-00C04F79EFBC}") = "EasyShopping.Cart.Infrastructure", "EasyShopping.Cart.Infrastructure\EasyShopping.Cart.Infrastructure.csproj", "{360C62DA-CAB6-48B4-BCFA-80DE25AD0C21}"
EndProject
Project("{FAE04EC0-301F-11D3-BF4B-00C04F79EFBC}") = "EasyShopping.Cart.Ioc", "EasyShopping.Cart.Ioc\EasyShopping.Cart.Ioc.csproj", "{5A6C3F28-E1A9-4AFC-9721-340D82056DDF}"
EndProject
Global
	GlobalSection(SolutionConfigurationPlatforms) = preSolution
		Debug|Any CPU = Debug|Any CPU
		Release|Any CPU = Release|Any CPU
	EndGlobalSection
	GlobalSection(ProjectConfigurationPlatforms) = postSolution
		{B822D2E9-61BF-4AB5-B1F5-B43EF6B8F39E}.Debug|Any CPU.ActiveCfg = Debug|Any CPU
		{B822D2E9-61BF-4AB5-B1F5-B43EF6B8F39E}.Debug|Any CPU.Build.0 = Debug|Any CPU
		{B822D2E9-61BF-4AB5-B1F5-B43EF6B8F39E}.Release|Any CPU.ActiveCfg = Release|Any CPU
		{B822D2E9-61BF-4AB5-B1F5-B43EF6B8F39E}.Release|Any CPU.Build.0 = Release|Any CPU
		{DA42FE83-6072-4AC1-BC0E-D01CBD4F987E}.Debug|Any CPU.ActiveCfg = Debug|Any CPU
		{DA42FE83-6072-4AC1-BC0E-D01CBD4F987E}.Debug|Any CPU.Build.0 = Debug|Any CPU
		{DA42FE83-6072-4AC1-BC0E-D01CBD4F987E}.Release|Any CPU.ActiveCfg = Release|Any CPU
		{DA42FE83-6072-4AC1-BC0E-D01CBD4F987E}.Release|Any CPU.Build.0 = Release|Any CPU
		{449BCB1F-5A25-48DC-AAE8-FA27773AF5F6}.Debug|Any CPU.ActiveCfg = Debug|Any CPU
		{449BCB1F-5A25-48DC-AAE8-FA27773AF5F6}.Debug|Any CPU.Build.0 = Debug|Any CPU
		{449BCB1F-5A25-48DC-AAE8-FA27773AF5F6}.Release|Any CPU.ActiveCfg = Release|Any CPU
		{449BCB1F-5A25-48DC-AAE8-FA27773AF5F6}.Release|Any CPU.Build.0 = Release|Any CPU
		{9C711A8F-7C27-4B87-B74C-D5E879B47366}.Debug|Any CPU.ActiveCfg = Debug|Any CPU
		{9C711A8F-7C27-4B87-B74C-D5E879B47366}.Debug|Any CPU.Build.0 = Debug|Any CPU
		{9C711A8F-7C27-4B87-B74C-D5E879B47366}.Release|Any CPU.ActiveCfg = Release|Any CPU
		{9C711A8F-7C27-4B87-B74C-D5E879B47366}.Release|Any CPU.Build.0 = Release|Any CPU
		{50531776-F663-4985-90A8-54819B736AE6}.Debug|Any CPU.ActiveCfg = Debug|Any CPU
		{50531776-F663-4985-90A8-54819B736AE6}.Debug|Any CPU.Build.0 = Debug|Any CPU
		{50531776-F663-4985-90A8-54819B736AE6}.Release|Any CPU.ActiveCfg = Release|Any CPU
		{50531776-F663-4985-90A8-54819B736AE6}.Release|Any CPU.Build.0 = Release|Any CPU
		{6E6B2379-2949-4087-B945-C5BACCEA0B06}.Debug|Any CPU.ActiveCfg = Debug|Any CPU
		{6E6B2379-2949-4087-B945-C5BACCEA0B06}.Debug|Any CPU.Build.0 = Debug|Any CPU
		{6E6B2379-2949-4087-B945-C5BACCEA0B06}.Release|Any CPU.ActiveCfg = Release|Any CPU
		{6E6B2379-2949-4087-B945-C5BACCEA0B06}.Release|Any CPU.Build.0 = Release|Any CPU
		{2A7E3382-868B-4CCC-B32F-8D948822549B}.Debug|Any CPU.ActiveCfg = Debug|Any CPU
		{2A7E3382-868B-4CCC-B32F-8D948822549B}.Debug|Any CPU.Build.0 = Debug|Any CPU
		{2A7E3382-868B-4CCC-B32F-8D948822549B}.Release|Any CPU.ActiveCfg = Release|Any CPU
		{2A7E3382-868B-4CCC-B32F-8D948822549B}.Release|Any CPU.Build.0 = Release|Any CPU
		{291264A8-E021-41CE-9D40-6E44730612B4}.Debug|Any CPU.ActiveCfg = Debug|Any CPU
		{291264A8-E021-41CE-9D40-6E44730612B4}.Debug|Any CPU.Build.0 = Debug|Any CPU
		{291264A8-E021-41CE-9D40-6E44730612B4}.Release|Any CPU.ActiveCfg = Release|Any CPU
		{291264A8-E021-41CE-9D40-6E44730612B4}.Release|Any CPU.Build.0 = Release|Any CPU
		{360C62DA-CAB6-48B4-BCFA-80DE25AD0C21}.Debug|Any CPU.ActiveCfg = Debug|Any CPU
		{360C62DA-CAB6-48B4-BCFA-80DE25AD0C21}.Debug|Any CPU.Build.0 = Debug|Any CPU
		{360C62DA-CAB6-48B4-BCFA-80DE25AD0C21}.Release|Any CPU.ActiveCfg = Release|Any CPU
		{360C62DA-CAB6-48B4-BCFA-80DE25AD0C21}.Release|Any CPU.Build.0 = Release|Any CPU
		{5A6C3F28-E1A9-4AFC-9721-340D82056DDF}.Debug|Any CPU.ActiveCfg = Debug|Any CPU
		{5A6C3F28-E1A9-4AFC-9721-340D82056DDF}.Debug|Any CPU.Build.0 = Debug|Any CPU
		{5A6C3F28-E1A9-4AFC-9721-340D82056DDF}.Release|Any CPU.ActiveCfg = Release|Any CPU
		{5A6C3F28-E1A9-4AFC-9721-340D82056DDF}.Release|Any CPU.Build.0 = Release|Any CPU
	EndGlobalSection
	GlobalSection(SolutionProperties) = preSolution
		HideSolutionNode = FALSE
	EndGlobalSection
	GlobalSection(NestedProjects) = preSolution
		{DD7340C5-51E6-4DD6-B079-7A26C8CB8811} = {50ABE7CF-1FD6-492C-8C3E-CA0BAA1B90A0}
		{B822D2E9-61BF-4AB5-B1F5-B43EF6B8F39E} = {DD7340C5-51E6-4DD6-B079-7A26C8CB8811}
		{DA42FE83-6072-4AC1-BC0E-D01CBD4F987E} = {DD7340C5-51E6-4DD6-B079-7A26C8CB8811}
		{449BCB1F-5A25-48DC-AAE8-FA27773AF5F6} = {DD7340C5-51E6-4DD6-B079-7A26C8CB8811}
		{9C711A8F-7C27-4B87-B74C-D5E879B47366} = {DD7340C5-51E6-4DD6-B079-7A26C8CB8811}
		{50531776-F663-4985-90A8-54819B736AE6} = {DD7340C5-51E6-4DD6-B079-7A26C8CB8811}
		{D3B1D620-6522-46E3-A916-69BC09292340} = {50ABE7CF-1FD6-492C-8C3E-CA0BAA1B90A0}
		{6E6B2379-2949-4087-B945-C5BACCEA0B06} = {D3B1D620-6522-46E3-A916-69BC09292340}
		{2A7E3382-868B-4CCC-B32F-8D948822549B} = {D3B1D620-6522-46E3-A916-69BC09292340}
		{291264A8-E021-41CE-9D40-6E44730612B4} = {D3B1D620-6522-46E3-A916-69BC09292340}
		{360C62DA-CAB6-48B4-BCFA-80DE25AD0C21} = {D3B1D620-6522-46E3-A916-69BC09292340}
		{5A6C3F28-E1A9-4AFC-9721-340D82056DDF} = {D3B1D620-6522-46E3-A916-69BC09292340}
	EndGlobalSection
	GlobalSection(ExtensibilityGlobals) = postSolution
		SolutionGuid = {C9E2C1F3-3FD8-46EA-BF9F-24B0170D8332}
	EndGlobalSection
EndGlobal
